
Microsoft Visual Studio Solution File, Format Version 12.00
# Visual Studio Version 16
VisualStudioVersion = 16.0.31624.102
MinimumVisualStudioVersion = 10.0.40219.1
Project("{8BC9CEB8-8B4A-11D0-8D11-00A0C91BC942}") = "lab11v3", "lab11v3\lab11v3.vcxproj", "{3ACA01CA-131B-4500-BEAD-C55B57C22770}"
EndProject
Global
	GlobalSection(SolutionConfigurationPlatforms) = preSolution
		Debug|x64 = Debug|x64
		Debug|x86 = Debug|x86
		Release|x64 = Release|x64
		Release|x86 = Release|x86
	EndGlobalSection
	GlobalSection(ProjectConfigurationPlatforms) = postSolution
		{3ACA01CA-131B-4500-BEAD-C55B57C22770}.Debug|x64.ActiveCfg = Debug|x64
		{3ACA01CA-131B-4500-BEAD-C55B57C22770}.Debug|x64.Build.0 = Debug|x64
		{3ACA01CA-131B-4500-BEAD-C55B57C22770}.Debug|x86.ActiveCfg = Debug|Win32
		{3ACA01CA-131B-4500-BEAD-C55B57C22770}.Debug|x86.Build.0 = Debug|Win32
		{3ACA01CA-131B-4500-BEAD-C55B57C22770}.Release|x64.ActiveCfg = Release|x64
		{3ACA01CA-131B-4500-BEAD-C55B57C22770}.Release|x64.Build.0 = Release|x64
		{3ACA01CA-131B-4500-BEAD-C55B57C22770}.Release|x86.ActiveCfg = Release|Win32
		{3ACA01CA-131B-4500-BEAD-C55B57C22770}.Release|x86.Build.0 = Release|Win32
	EndGlobalSection
	GlobalSection(SolutionProperties) = preSolution
		HideSolutionNode = FALSE
	EndGlobalSection
	GlobalSection(ExtensibilityGlobals) = postSolution
		SolutionGuid = {0010F67F-DBFF-4F70-9423-232D6176D212}
	EndGlobalSection
EndGlobal
