
Microsoft Visual Studio Solution File, Format Version 12.00
# Visual Studio Version 16
VisualStudioVersion = 16.0.31624.102
MinimumVisualStudioVersion = 10.0.40219.1
Project("{8BC9CEB8-8B4A-11D0-8D11-00A0C91BC942}") = "oap8", "oap8\oap8.vcxproj", "{CCCC5DEF-8853-4F1C-9CD2-DE0DB523DE03}"
EndProject
Global
	GlobalSection(SolutionConfigurationPlatforms) = preSolution
		Debug|x64 = Debug|x64
		Debug|x86 = Debug|x86
		Release|x64 = Release|x64
		Release|x86 = Release|x86
	EndGlobalSection
	GlobalSection(ProjectConfigurationPlatforms) = postSolution
		{CCCC5DEF-8853-4F1C-9CD2-DE0DB523DE03}.Debug|x64.ActiveCfg = Debug|x64
		{CCCC5DEF-8853-4F1C-9CD2-DE0DB523DE03}.Debug|x64.Build.0 = Debug|x64
		{CCCC5DEF-8853-4F1C-9CD2-DE0DB523DE03}.Debug|x86.ActiveCfg = Debug|Win32
		{CCCC5DEF-8853-4F1C-9CD2-DE0DB523DE03}.Debug|x86.Build.0 = Debug|Win32
		{CCCC5DEF-8853-4F1C-9CD2-DE0DB523DE03}.Release|x64.ActiveCfg = Release|x64
		{CCCC5DEF-8853-4F1C-9CD2-DE0DB523DE03}.Release|x64.Build.0 = Release|x64
		{CCCC5DEF-8853-4F1C-9CD2-DE0DB523DE03}.Release|x86.ActiveCfg = Release|Win32
		{CCCC5DEF-8853-4F1C-9CD2-DE0DB523DE03}.Release|x86.Build.0 = Release|Win32
	EndGlobalSection
	GlobalSection(SolutionProperties) = preSolution
		HideSolutionNode = FALSE
	EndGlobalSection
	GlobalSection(ExtensibilityGlobals) = postSolution
		SolutionGuid = {024EF64E-D898-411A-A1D0-9DA78E895512}
	EndGlobalSection
EndGlobal
